
Microsoft Visual Studio Solution File, Format Version 12.00
# Visual Studio Version 17
VisualStudioVersion = 17.5.33516.290
MinimumVisualStudioVersion = 10.0.40219.1
Project("{9A19103F-16F7-4668-BE54-9A1E7A4F7556}") = "ToDoList.Server", "ToDoList\Server\ToDoList.Server.csproj", "{48DC573C-8CF0-4A02-B784-E98DA78DCBFC}"
EndProject
Project("{9A19103F-16F7-4668-BE54-9A1E7A4F7556}") = "ToDoList.Client", "ToDoList\Client\ToDoList.Client.csproj", "{7F560C2F-D8BB-4B96-8A7D-8EFA85615B74}"
EndProject
Project("{9A19103F-16F7-4668-BE54-9A1E7A4F7556}") = "ToDoList.Shared", "ToDoList\Shared\ToDoList.Shared.csproj", "{82CF82C1-7E8E-4622-82C6-1232F33C7485}"
EndProject
Global
	GlobalSection(SolutionConfigurationPlatforms) = preSolution
		Debug|Any CPU = Debug|Any CPU
		Release|Any CPU = Release|Any CPU
	EndGlobalSection
	GlobalSection(ProjectConfigurationPlatforms) = postSolution
		{48DC573C-8CF0-4A02-B784-E98DA78DCBFC}.Debug|Any CPU.ActiveCfg = Debug|Any CPU
		{48DC573C-8CF0-4A02-B784-E98DA78DCBFC}.Debug|Any CPU.Build.0 = Debug|Any CPU
		{48DC573C-8CF0-4A02-B784-E98DA78DCBFC}.Release|Any CPU.ActiveCfg = Release|Any CPU
		{48DC573C-8CF0-4A02-B784-E98DA78DCBFC}.Release|Any CPU.Build.0 = Release|Any CPU
		{7F560C2F-D8BB-4B96-8A7D-8EFA85615B74}.Debug|Any CPU.ActiveCfg = Debug|Any CPU
		{7F560C2F-D8BB-4B96-8A7D-8EFA85615B74}.Debug|Any CPU.Build.0 = Debug|Any CPU
		{7F560C2F-D8BB-4B96-8A7D-8EFA85615B74}.Release|Any CPU.ActiveCfg = Release|Any CPU
		{7F560C2F-D8BB-4B96-8A7D-8EFA85615B74}.Release|Any CPU.Build.0 = Release|Any CPU
		{82CF82C1-7E8E-4622-82C6-1232F33C7485}.Debug|Any CPU.ActiveCfg = Debug|Any CPU
		{82CF82C1-7E8E-4622-82C6-1232F33C7485}.Debug|Any CPU.Build.0 = Debug|Any CPU
		{82CF82C1-7E8E-4622-82C6-1232F33C7485}.Release|Any CPU.ActiveCfg = Release|Any CPU
		{82CF82C1-7E8E-4622-82C6-1232F33C7485}.Release|Any CPU.Build.0 = Release|Any CPU
	EndGlobalSection
	GlobalSection(SolutionProperties) = preSolution
		HideSolutionNode = FALSE
	EndGlobalSection
	GlobalSection(ExtensibilityGlobals) = postSolution
		SolutionGuid = {A82F706D-AD26-46A6-BDD9-40DAD8572B08}
	EndGlobalSection
EndGlobal
